
Microsoft Visual Studio Solution File, Format Version 12.00
# Visual Studio Version 16
VisualStudioVersion = 16.0.31402.337
MinimumVisualStudioVersion = 10.0.40219.1
Project("{FAE04EC0-301F-11D3-BF4B-00C04F79EFBC}") = "WpfApp15", "WpfApp15\WpfApp15.csproj", "{88B537A3-E1B5-4608-97CE-F3232C45C5AD}"
EndProject
Global
	GlobalSection(SolutionConfigurationPlatforms) = preSolution
		Debug|Any CPU = Debug|Any CPU
		Release|Any CPU = Release|Any CPU
	EndGlobalSection
	GlobalSection(ProjectConfigurationPlatforms) = postSolution
		{88B537A3-E1B5-4608-97CE-F3232C45C5AD}.Debug|Any CPU.ActiveCfg = Debug|Any CPU
		{88B537A3-E1B5-4608-97CE-F3232C45C5AD}.Debug|Any CPU.Build.0 = Debug|Any CPU
		{88B537A3-E1B5-4608-97CE-F3232C45C5AD}.Release|Any CPU.ActiveCfg = Release|Any CPU
		{88B537A3-E1B5-4608-97CE-F3232C45C5AD}.Release|Any CPU.Build.0 = Release|Any CPU
	EndGlobalSection
	GlobalSection(SolutionProperties) = preSolution
		HideSolutionNode = FALSE
	EndGlobalSection
	GlobalSection(ExtensibilityGlobals) = postSolution
		SolutionGuid = {EC503C4E-5F96-4793-A41A-797B3ED3AE4B}
	EndGlobalSection
EndGlobal
